// !$*UTF8*$!
{
	archiveVersion = 1;
	classes = {
	};
	objectVersion = 50;
	objects = {

/* Begin PBXBuildFile section */
		F5EAEBCB26E70776003E31C8 /* Tests_iOS.swift in Sources */ = {isa = PBXBuildFile; fileRef = F5EAEBCA26E70776003E31C8 /* Tests_iOS.swift */; };
		F5EAEBD626E70776003E31C8 /* Tests_macOS.swift in Sources */ = {isa = PBXBuildFile; fileRef = F5EAEBD526E70776003E31C8 /* Tests_macOS.swift */; };
		F5EAEBD826E70776003E31C8 /* MyPlaygroundApp.swift in Sources */ = {isa = PBXBuildFile; fileRef = F5EAEBAE26E70771003E31C8 /* MyPlaygroundApp.swift */; };
		F5EAEBD926E70776003E31C8 /* MyPlaygroundApp.swift in Sources */ = {isa = PBXBuildFile; fileRef = F5EAEBAE26E70771003E31C8 /* MyPlaygroundApp.swift */; };
		F5EAEBDA26E70776003E31C8 /* MyPlaygroundDocument.swift in Sources */ = {isa = PBXBuildFile; fileRef = F5EAEBAF26E70771003E31C8 /* MyPlaygroundDocument.swift */; };
		F5EAEBDB26E70776003E31C8 /* MyPlaygroundDocument.swift in Sources */ = {isa = PBXBuildFile; fileRef = F5EAEBAF26E70771003E31C8 /* MyPlaygroundDocument.swift */; };
		F5EAEBDC26E70776003E31C8 /* ContentView.swift in Sources */ = {isa = PBXBuildFile; fileRef = F5EAEBB026E70771003E31C8 /* ContentView.swift */; };
		F5EAEBDD26E70776003E31C8 /* ContentView.swift in Sources */ = {isa = PBXBuildFile; fileRef = F5EAEBB026E70771003E31C8 /* ContentView.swift */; };
		F5EAEBDE26E70776003E31C8 /* Assets.xcassets in Resources */ = {isa = PBXBuildFile; fileRef = F5EAEBB126E70775003E31C8 /* Assets.xcassets */; };
		F5EAEBDF26E70776003E31C8 /* Assets.xcassets in Resources */ = {isa = PBXBuildFile; fileRef = F5EAEBB126E70775003E31C8 /* Assets.xcassets */; };
/* End PBXBuildFile section */

/* Begin PBXContainerItemProxy section */
		F5EAEBC726E70776003E31C8 /* PBXContainerItemProxy */ = {
			isa = PBXContainerItemProxy;
			containerPortal = F5EAEBA926E70770003E31C8 /* Project object */;
			proxyType = 1;
			remoteGlobalIDString = F5EAEBB526E70776003E31C8;
			remoteInfo = "MyPlayground (iOS)";
		};
		F5EAEBD226E70776003E31C8 /* PBXContainerItemProxy */ = {
			isa = PBXContainerItemProxy;
			containerPortal = F5EAEBA926E70770003E31C8 /* Project object */;
			proxyType = 1;
			remoteGlobalIDString = F5EAEBBD26E70776003E31C8;
			remoteInfo = "MyPlayground (macOS)";
		};
/* End PBXContainerItemProxy section */

/* Begin PBXFileReference section */
		F5EAEBAE26E70771003E31C8 /* MyPlaygroundApp.swift */ = {isa = PBXFileReference; lastKnownFileType = sourcecode.swift; path = MyPlaygroundApp.swift; sourceTree = "<group>"; };
		F5EAEBAF26E70771003E31C8 /* MyPlaygroundDocument.swift */ = {isa = PBXFileReference; lastKnownFileType = sourcecode.swift; path = MyPlaygroundDocument.swift; sourceTree = "<group>"; };
		F5EAEBB026E70771003E31C8 /* ContentView.swift */ = {isa = PBXFileReference; lastKnownFileType = sourcecode.swift; path = ContentView.swift; sourceTree = "<group>"; };
		F5EAEBB126E70775003E31C8 /* Assets.xcassets */ = {isa = PBXFileReference; lastKnownFileType = folder.assetcatalog; path = Assets.xcassets; sourceTree = "<group>"; };
		F5EAEBB626E70776003E31C8 /* MyPlayground.app */ = {isa = PBXFileReference; explicitFileType = wrapper.application; includeInIndex = 0; path = MyPlayground.app; sourceTree = BUILT_PRODUCTS_DIR; };
		F5EAEBB926E70776003E31C8 /* Info.plist */ = {isa = PBXFileReference; lastKnownFileType = text.plist.xml; path = Info.plist; sourceTree = "<group>"; };
		F5EAEBBE26E70776003E31C8 /* MyPlayground.app */ = {isa = PBXFileReference; explicitFileType = wrapper.application; includeInIndex = 0; path = MyPlayground.app; sourceTree = BUILT_PRODUCTS_DIR; };
		F5EAEBC026E70776003E31C8 /* Info.plist */ = {isa = PBXFileReference; lastKnownFileType = text.plist.xml; path = Info.plist; sourceTree = "<group>"; };
		F5EAEBC126E70776003E31C8 /* macOS.entitlements */ = {isa = PBXFileReference; lastKnownFileType = text.plist.entitlements; path = macOS.entitlements; sourceTree = "<group>"; };
		F5EAEBC626E70776003E31C8 /* Tests iOS.xctest */ = {isa = PBXFileReference; explicitFileType = wrapper.cfbundle; includeInIndex = 0; path = "Tests iOS.xctest"; sourceTree = BUILT_PRODUCTS_DIR; };
		F5EAEBCA26E70776003E31C8 /* Tests_iOS.swift */ = {isa = PBXFileReference; lastKnownFileType = sourcecode.swift; path = Tests_iOS.swift; sourceTree = "<group>"; };
		F5EAEBCC26E70776003E31C8 /* Info.plist */ = {isa = PBXFileReference; lastKnownFileType = text.plist.xml; path = Info.plist; sourceTree = "<group>"; };
		F5EAEBD126E70776003E31C8 /* Tests macOS.xctest */ = {isa = PBXFileReference; explicitFileType = wrapper.cfbundle; includeInIndex = 0; path = "Tests macOS.xctest"; sourceTree = BUILT_PRODUCTS_DIR; };
		F5EAEBD526E70776003E31C8 /* Tests_macOS.swift */ = {isa = PBXFileReference; lastKnownFileType = sourcecode.swift; path = Tests_macOS.swift; sourceTree = "<group>"; };
		F5EAEBD726E70776003E31C8 /* Info.plist */ = {isa = PBXFileReference; lastKnownFileType = text.plist.xml; path = Info.plist; sourceTree = "<group>"; };
/* End PBXFileReference section */

/* Begin PBXFrameworksBuildPhase section */
		F5EAEBB326E70776003E31C8 /* Frameworks */ = {
			isa = PBXFrameworksBuildPhase;
			buildActionMask = 2147483647;
			files = (
			);
			runOnlyForDeploymentPostprocessing = 0;
		};
		F5EAEBBB26E70776003E31C8 /* Frameworks */ = {
			isa = PBXFrameworksBuildPhase;
			buildActionMask = 2147483647;
			files = (
			);
			runOnlyForDeploymentPostprocessing = 0;
		};
		F5EAEBC326E70776003E31C8 /* Frameworks */ = {
			isa = PBXFrameworksBuildPhase;
			buildActionMask = 2147483647;
			files = (
			);
			runOnlyForDeploymentPostprocessing = 0;
		};
		F5EAEBCE26E70776003E31C8 /* Frameworks */ = {
			isa = PBXFrameworksBuildPhase;
			buildActionMask = 2147483647;
			files = (
			);
			runOnlyForDeploymentPostprocessing = 0;
		};
/* End PBXFrameworksBuildPhase section */

/* Begin PBXGroup section */
		F5EAEBA826E70770003E31C8 = {
			isa = PBXGroup;
			children = (
				F5EAEBAD26E70771003E31C8 /* Shared */,
				F5EAEBB826E70776003E31C8 /* iOS */,
				F5EAEBBF26E70776003E31C8 /* macOS */,
				F5EAEBC926E70776003E31C8 /* Tests iOS */,
				F5EAEBD426E70776003E31C8 /* Tests macOS */,
				F5EAEBB726E70776003E31C8 /* Products */,
			);
			sourceTree = "<group>";
		};
		F5EAEBAD26E70771003E31C8 /* Shared */ = {
			isa = PBXGroup;
			children = (
				F5EAEBAE26E70771003E31C8 /* MyPlaygroundApp.swift */,
				F5EAEBAF26E70771003E31C8 /* MyPlaygroundDocument.swift */,
				F5EAEBB026E70771003E31C8 /* ContentView.swift */,
				F5EAEBB126E70775003E31C8 /* Assets.xcassets */,
			);
			path = Shared;
			sourceTree = "<group>";
		};
		F5EAEBB726E70776003E31C8 /* Products */ = {
			isa = PBXGroup;
			children = (
				F5EAEBB626E70776003E31C8 /* MyPlayground.app */,
				F5EAEBBE26E70776003E31C8 /* MyPlayground.app */,
				F5EAEBC626E70776003E31C8 /* Tests iOS.xctest */,
				F5EAEBD126E70776003E31C8 /* Tests macOS.xctest */,
			);
			name = Products;
			sourceTree = "<group>";
		};
		F5EAEBB826E70776003E31C8 /* iOS */ = {
			isa = PBXGroup;
			children = (
				F5EAEBB926E70776003E31C8 /* Info.plist */,
			);
			path = iOS;
			sourceTree = "<group>";
		};
		F5EAEBBF26E70776003E31C8 /* macOS */ = {
			isa = PBXGroup;
			children = (
				F5EAEBC026E70776003E31C8 /* Info.plist */,
				F5EAEBC126E70776003E31C8 /* macOS.entitlements */,
			);
			path = macOS;
			sourceTree = "<group>";
		};
		F5EAEBC926E70776003E31C8 /* Tests iOS */ = {
			isa = PBXGroup;
			children = (
				F5EAEBCA26E70776003E31C8 /* Tests_iOS.swift */,
				F5EAEBCC26E70776003E31C8 /* Info.plist */,
			);
			path = "Tests iOS";
			sourceTree = "<group>";
		};
		F5EAEBD426E70776003E31C8 /* Tests macOS */ = {
			isa = PBXGroup;
			children = (
				F5EAEBD526E70776003E31C8 /* Tests_macOS.swift */,
				F5EAEBD726E70776003E31C8 /* Info.plist */,
			);
			path = "Tests macOS";
			sourceTree = "<group>";
		};
/* End PBXGroup section */

/* Begin PBXNativeTarget section */
		F5EAEBB526E70776003E31C8 /* MyPlayground (iOS) */ = {
			isa = PBXNativeTarget;
			buildConfigurationList = F5EAEBE226E70776003E31C8 /* Build configuration list for PBXNativeTarget "MyPlayground (iOS)" */;
			buildPhases = (
				F5EAEBB226E70776003E31C8 /* Sources */,
				F5EAEBB326E70776003E31C8 /* Frameworks */,
				F5EAEBB426E70776003E31C8 /* Resources */,
			);
			buildRules = (
			);
			dependencies = (
			);
			name = "MyPlayground (iOS)";
			productName = "MyPlayground (iOS)";
			productReference = F5EAEBB626E70776003E31C8 /* MyPlayground.app */;
			productType = "com.apple.product-type.application";
		};
		F5EAEBBD26E70776003E31C8 /* MyPlayground (macOS) */ = {
			isa = PBXNativeTarget;
			buildConfigurationList = F5EAEBE526E70776003E31C8 /* Build configuration list for PBXNativeTarget "MyPlayground (macOS)" */;
			buildPhases = (
				F5EAEBBA26E70776003E31C8 /* Sources */,
				F5EAEBBB26E70776003E31C8 /* Frameworks */,
				F5EAEBBC26E70776003E31C8 /* Resources */,
			);
			buildRules = (
			);
			dependencies = (
			);
			name = "MyPlayground (macOS)";
			productName = "MyPlayground (macOS)";
			productReference = F5EAEBBE26E70776003E31C8 /* MyPlayground.app */;
			productType = "com.apple.product-type.application";
		};
		F5EAEBC526E70776003E31C8 /* Tests iOS */ = {
			isa = PBXNativeTarget;
			buildConfigurationList = F5EAEBE826E70776003E31C8 /* Build configuration list for PBXNativeTarget "Tests iOS" */;
			buildPhases = (
				F5EAEBC226E70776003E31C8 /* Sources */,
				F5EAEBC326E70776003E31C8 /* Frameworks */,
				F5EAEBC426E70776003E31C8 /* Resources */,
			);
			buildRules = (
			);
			dependencies = (
				F5EAEBC826E70776003E31C8 /* PBXTargetDependency */,
			);
			name = "Tests iOS";
			productName = "Tests iOS";
			productReference = F5EAEBC626E70776003E31C8 /* Tests iOS.xctest */;
			productType = "com.apple.product-type.bundle.ui-testing";
		};
		F5EAEBD026E70776003E31C8 /* Tests macOS */ = {
			isa = PBXNativeTarget;
			buildConfigurationList = F5EAEBEB26E70776003E31C8 /* Build configuration list for PBXNativeTarget "Tests macOS" */;
			buildPhases = (
				F5EAEBCD26E70776003E31C8 /* Sources */,
				F5EAEBCE26E70776003E31C8 /* Frameworks */,
				F5EAEBCF26E70776003E31C8 /* Resources */,
			);
			buildRules = (
			);
			dependencies = (
				F5EAEBD326E70776003E31C8 /* PBXTargetDependency */,
			);
			name = "Tests macOS";
			productName = "Tests macOS";
			productReference = F5EAEBD126E70776003E31C8 /* Tests macOS.xctest */;
			productType = "com.apple.product-type.bundle.ui-testing";
		};
/* End PBXNativeTarget section */

/* Begin PBXProject section */
		F5EAEBA926E70770003E31C8 /* Project object */ = {
			isa = PBXProject;
			attributes = {
				LastSwiftUpdateCheck = 1240;
				LastUpgradeCheck = 1240;
				TargetAttributes = {
					F5EAEBB526E70776003E31C8 = {
						CreatedOnToolsVersion = 12.4;
					};
					F5EAEBBD26E70776003E31C8 = {
						CreatedOnToolsVersion = 12.4;
					};
					F5EAEBC526E70776003E31C8 = {
						CreatedOnToolsVersion = 12.4;
						TestTargetID = F5EAEBB526E70776003E31C8;
					};
					F5EAEBD026E70776003E31C8 = {
						CreatedOnToolsVersion = 12.4;
						TestTargetID = F5EAEBBD26E70776003E31C8;
					};
				};
			};
			buildConfigurationList = F5EAEBAC26E70770003E31C8 /* Build configuration list for PBXProject "MyPlayground" */;
			compatibilityVersion = "Xcode 9.3";
			developmentRegion = en;
			hasScannedForEncodings = 0;
			knownRegions = (
				en,
				Base,
			);
			mainGroup = F5EAEBA826E70770003E31C8;
			productRefGroup = F5EAEBB726E70776003E31C8 /* Products */;
			projectDirPath = "";
			projectRoot = "";
			targets = (
				F5EAEBB526E70776003E31C8 /* MyPlayground (iOS) */,
				F5EAEBBD26E70776003E31C8 /* MyPlayground (macOS) */,
				F5EAEBC526E70776003E31C8 /* Tests iOS */,
				F5EAEBD026E70776003E31C8 /* Tests macOS */,
			);
		};
/* End PBXProject section */

/* Begin PBXResourcesBuildPhase section */
		F5EAEBB426E70776003E31C8 /* Resources */ = {
			isa = PBXResourcesBuildPhase;
			buildActionMask = 2147483647;
			files = (
				F5EAEBDE26E70776003E31C8 /* Assets.xcassets in Resources */,
			);
			runOnlyForDeploymentPostprocessing = 0;
		};
		F5EAEBBC26E70776003E31C8 /* Resources */ = {
			isa = PBXResourcesBuildPhase;
			buildActionMask = 2147483647;
			files = (
				F5EAEBDF26E70776003E31C8 /* Assets.xcassets in Resources */,
			);
			runOnlyForDeploymentPostprocessing = 0;
		};
		F5EAEBC426E70776003E31C8 /* Resources */ = {
			isa = PBXResourcesBuildPhase;
			buildActionMask = 2147483647;
			files = (
			);
			runOnlyForDeploymentPostprocessing = 0;
		};
		F5EAEBCF26E70776003E31C8 /* Resources */ = {
			isa = PBXResourcesBuildPhase;
			buildActionMask = 2147483647;
			files = (
			);
			runOnlyForDeploymentPostprocessing = 0;
		};
/* End PBXResourcesBuildPhase section */

/* Begin PBXSourcesBuildPhase section */
		F5EAEBB226E70776003E31C8 /* Sources */ = {
			isa = PBXSourcesBuildPhase;
			buildActionMask = 2147483647;
			files = (
				F5EAEBD826E70776003E31C8 /* MyPlaygroundApp.swift in Sources */,
				F5EAEBDA26E70776003E31C8 /* MyPlaygroundDocument.swift in Sources */,
				F5EAEBDC26E70776003E31C8 /* ContentView.swift in Sources */,
			);
			runOnlyForDeploymentPostprocessing = 0;
		};
		F5EAEBBA26E70776003E31C8 /* Sources */ = {
			isa = PBXSourcesBuildPhase;
			buildActionMask = 2147483647;
			files = (
				F5EAEBD926E70776003E31C8 /* MyPlaygroundApp.swift in Sources */,
				F5EAEBDB26E70776003E31C8 /* MyPlaygroundDocument.swift in Sources */,
				F5EAEBDD26E70776003E31C8 /* ContentView.swift in Sources */,
			);
			runOnlyForDeploymentPostprocessing = 0;
		};
		F5EAEBC226E70776003E31C8 /* Sources */ = {
			isa = PBXSourcesBuildPhase;
			buildActionMask = 2147483647;
			files = (
				F5EAEBCB26E70776003E31C8 /* Tests_iOS.swift in Sources */,
			);
			runOnlyForDeploymentPostprocessing = 0;
		};
		F5EAEBCD26E70776003E31C8 /* Sources */ = {
			isa = PBXSourcesBuildPhase;
			buildActionMask = 2147483647;
			files = (
				F5EAEBD626E70776003E31C8 /* Tests_macOS.swift in Sources */,
			);
			runOnlyForDeploymentPostprocessing = 0;
		};
/* End PBXSourcesBuildPhase section */

/* Begin PBXTargetDependency section */
		F5EAEBC826E70776003E31C8 /* PBXTargetDependency */ = {
			isa = PBXTargetDependency;
			target = F5EAEBB526E70776003E31C8 /* MyPlayground (iOS) */;
			targetProxy = F5EAEBC726E70776003E31C8 /* PBXContainerItemProxy */;
		};
		F5EAEBD326E70776003E31C8 /* PBXTargetDependency */ = {
			isa = PBXTargetDependency;
			target = F5EAEBBD26E70776003E31C8 /* MyPlayground (macOS) */;
			targetProxy = F5EAEBD226E70776003E31C8 /* PBXContainerItemProxy */;
		};
/* End PBXTargetDependency section */

/* Begin XCBuildConfiguration section */
		F5EAEBE026E70776003E31C8 /* Debug */ = {
			isa = XCBuildConfiguration;
			buildSettings = {
				ALWAYS_SEARCH_USER_PATHS = NO;
				CLANG_ANALYZER_NONNULL = YES;
				CLANG_ANALYZER_NUMBER_OBJECT_CONVERSION = YES_AGGRESSIVE;
				CLANG_CXX_LANGUAGE_STANDARD = "gnu++14";
				CLANG_CXX_LIBRARY = "libc++";
				CLANG_ENABLE_MODULES = YES;
				CLANG_ENABLE_OBJC_ARC = YES;
				CLANG_ENABLE_OBJC_WEAK = YES;
				CLANG_WARN_BLOCK_CAPTURE_AUTORELEASING = YES;
				CLANG_WARN_BOOL_CONVERSION = YES;
				CLANG_WARN_COMMA = YES;
				CLANG_WARN_CONSTANT_CONVERSION = YES;
				CLANG_WARN_DEPRECATED_OBJC_IMPLEMENTATIONS = YES;
				CLANG_WARN_DIRECT_OBJC_ISA_USAGE = YES_ERROR;
				CLANG_WARN_DOCUMENTATION_COMMENTS = YES;
				CLANG_WARN_EMPTY_BODY = YES;
				CLANG_WARN_ENUM_CONVERSION = YES;
				CLANG_WARN_INFINITE_RECURSION = YES;
				CLANG_WARN_INT_CONVERSION = YES;
				CLANG_WARN_NON_LITERAL_NULL_CONVERSION = YES;
				CLANG_WARN_OBJC_IMPLICIT_RETAIN_SELF = YES;
				CLANG_WARN_OBJC_LITERAL_CONVERSION = YES;
				CLANG_WARN_OBJC_ROOT_CLASS = YES_ERROR;
				CLANG_WARN_QUOTED_INCLUDE_IN_FRAMEWORK_HEADER = YES;
				CLANG_WARN_RANGE_LOOP_ANALYSIS = YES;
				CLANG_WARN_STRICT_PROTOTYPES = YES;
				CLANG_WARN_SUSPICIOUS_MOVE = YES;
				CLANG_WARN_UNGUARDED_AVAILABILITY = YES_AGGRESSIVE;
				CLANG_WARN_UNREACHABLE_CODE = YES;
				CLANG_WARN__DUPLICATE_METHOD_MATCH = YES;
				COPY_PHASE_STRIP = NO;
				DEBUG_INFORMATION_FORMAT = dwarf;
				ENABLE_STRICT_OBJC_MSGSEND = YES;
				ENABLE_TESTABILITY = YES;
				GCC_C_LANGUAGE_STANDARD = gnu11;
				GCC_DYNAMIC_NO_PIC = NO;
				GCC_NO_COMMON_BLOCKS = YES;
				GCC_OPTIMIZATION_LEVEL = 0;
				GCC_PREPROCESSOR_DEFINITIONS = (
					"DEBUG=1",
					"$(inherited)",
				);
				GCC_WARN_64_TO_32_BIT_CONVERSION = YES;
				GCC_WARN_ABOUT_RETURN_TYPE = YES_ERROR;
				GCC_WARN_UNDECLARED_SELECTOR = YES;
				GCC_WARN_UNINITIALIZED_AUTOS = YES_AGGRESSIVE;
				GCC_WARN_UNUSED_FUNCTION = YES;
				GCC_WARN_UNUSED_VARIABLE = YES;
				MTL_ENABLE_DEBUG_INFO = INCLUDE_SOURCE;
				MTL_FAST_MATH = YES;
				ONLY_ACTIVE_ARCH = YES;
				SWIFT_ACTIVE_COMPILATION_CONDITIONS = DEBUG;
				SWIFT_OPTIMIZATION_LEVEL = "-Onone";
			};
			name = Debug;
		};
		F5EAEBE126E70776003E31C8 /* Release */ = {
			isa = XCBuildConfiguration;
			buildSettings = {
				ALWAYS_SEARCH_USER_PATHS = NO;
				CLANG_ANALYZER_NONNULL = YES;
				CLANG_ANALYZER_NUMBER_OBJECT_CONVERSION = YES_AGGRESSIVE;
				CLANG_CXX_LANGUAGE_STANDARD = "gnu++14";
				CLANG_CXX_LIBRARY = "libc++";
				CLANG_ENABLE_MODULES = YES;
				CLANG_ENABLE_OBJC_ARC = YES;
				CLANG_ENABLE_OBJC_WEAK = YES;
				CLANG_WARN_BLOCK_CAPTURE_AUTORELEASING = YES;
				CLANG_WARN_BOOL_CONVERSION = YES;
				CLANG_WARN_COMMA = YES;
				CLANG_WARN_CONSTANT_CONVERSION = YES;
				CLANG_WARN_DEPRECATED_OBJC_IMPLEMENTATIONS = YES;
				CLANG_WARN_DIRECT_OBJC_ISA_USAGE = YES_ERROR;
				CLANG_WARN_DOCUMENTATION_COMMENTS = YES;
				CLANG_WARN_EMPTY_BODY = YES;
				CLANG_WARN_ENUM_CONVERSION = YES;
				CLANG_WARN_INFINITE_RECURSION = YES;
				CLANG_WARN_INT_CONVERSION = YES;
				CLANG_WARN_NON_LITERAL_NULL_CONVERSION = YES;
				CLANG_WARN_OBJC_IMPLICIT_RETAIN_SELF = YES;
				CLANG_WARN_OBJC_LITERAL_CONVERSION = YES;
				CLANG_WARN_OBJC_ROOT_CLASS = YES_ERROR;
				CLANG_WARN_QUOTED_INCLUDE_IN_FRAMEWORK_HEADER = YES;
				CLANG_WARN_RANGE_LOOP_ANALYSIS = YES;
				CLANG_WARN_STRICT_PROTOTYPES = YES;
				CLANG_WARN_SUSPICIOUS_MOVE = YES;
				CLANG_WARN_UNGUARDED_AVAILABILITY = YES_AGGRESSIVE;
				CLANG_WARN_UNREACHABLE_CODE = YES;
				CLANG_WARN__DUPLICATE_METHOD_MATCH = YES;
				COPY_PHASE_STRIP = NO;
				DEBUG_INFORMATION_FORMAT = "dwarf-with-dsym";
				ENABLE_NS_ASSERTIONS = NO;
				ENABLE_STRICT_OBJC_MSGSEND = YES;
				GCC_C_LANGUAGE_STANDARD = gnu11;
				GCC_NO_COMMON_BLOCKS = YES;
				GCC_WARN_64_TO_32_BIT_CONVERSION = YES;
				GCC_WARN_ABOUT_RETURN_TYPE = YES_ERROR;
				GCC_WARN_UNDECLARED_SELECTOR = YES;
				GCC_WARN_UNINITIALIZED_AUTOS = YES_AGGRESSIVE;
				GCC_WARN_UNUSED_FUNCTION = YES;
				GCC_WARN_UNUSED_VARIABLE = YES;
				MTL_ENABLE_DEBUG_INFO = NO;
				MTL_FAST_MATH = YES;
				SWIFT_COMPILATION_MODE = wholemodule;
				SWIFT_OPTIMIZATION_LEVEL = "-O";
			};
			name = Release;
		};
		F5EAEBE326E70776003E31C8 /* Debug */ = {
			isa = XCBuildConfiguration;
			buildSettings = {
				ASSETCATALOG_COMPILER_APPICON_NAME = AppIcon;
				ASSETCATALOG_COMPILER_GLOBAL_ACCENT_COLOR_NAME = AccentColor;
				CODE_SIGN_STYLE = Automatic;
				ENABLE_PREVIEWS = YES;
				INFOPLIST_FILE = iOS/Info.plist;
				IPHONEOS_DEPLOYMENT_TARGET = 14.0;
				LD_RUNPATH_SEARCH_PATHS = (
					"$(inherited)",
					"@executable_path/Frameworks",
				);
				PRODUCT_BUNDLE_IDENTIFIER = com.daotientu.MyPlayground;
				PRODUCT_NAME = MyPlayground;
				SDKROOT = iphoneos;
				SWIFT_VERSION = 5.0;
				TARGETED_DEVICE_FAMILY = "1,2";
			};
			name = Debug;
		};
		F5EAEBE426E70776003E31C8 /* Release */ = {
			isa = XCBuildConfiguration;
			buildSettings = {
				ASSETCATALOG_COMPILER_APPICON_NAME = AppIcon;
				ASSETCATALOG_COMPILER_GLOBAL_ACCENT_COLOR_NAME = AccentColor;
				CODE_SIGN_STYLE = Automatic;
				ENABLE_PREVIEWS = YES;
				INFOPLIST_FILE = iOS/Info.plist;
				IPHONEOS_DEPLOYMENT_TARGET = 14.0;
				LD_RUNPATH_SEARCH_PATHS = (
					"$(inherited)",
					"@executable_path/Frameworks",
				);
				PRODUCT_BUNDLE_IDENTIFIER = com.daotientu.MyPlayground;
				PRODUCT_NAME = MyPlayground;
				SDKROOT = iphoneos;
				SWIFT_VERSION = 5.0;
				TARGETED_DEVICE_FAMILY = "1,2";
				VALIDATE_PRODUCT = YES;
			};
			name = Release;
		};
		F5EAEBE626E70776003E31C8 /* Debug */ = {
			isa = XCBuildConfiguration;
			buildSettings = {
				ASSETCATALOG_COMPILER_APPICON_NAME = AppIcon;
				ASSETCATALOG_COMPILER_GLOBAL_ACCENT_COLOR_NAME = AccentColor;
				CODE_SIGN_ENTITLEMENTS = macOS/macOS.entitlements;
				CODE_SIGN_STYLE = Automatic;
				COMBINE_HIDPI_IMAGES = YES;
				ENABLE_PREVIEWS = YES;
				INFOPLIST_FILE = macOS/Info.plist;
				LD_RUNPATH_SEARCH_PATHS = (
					"$(inherited)",
					"@executable_path/../Frameworks",
				);
				MACOSX_DEPLOYMENT_TARGET = 11.0;
				PRODUCT_BUNDLE_IDENTIFIER = com.daotientu.MyPlayground;
				PRODUCT_NAME = MyPlayground;
				SDKROOT = macosx;
				SWIFT_VERSION = 5.0;
			};
			name = Debug;
		};
		F5EAEBE726E70776003E31C8 /* Release */ = {
			isa = XCBuildConfiguration;
			buildSettings = {
				ASSETCATALOG_COMPILER_APPICON_NAME = AppIcon;
				ASSETCATALOG_COMPILER_GLOBAL_ACCENT_COLOR_NAME = AccentColor;
				CODE_SIGN_ENTITLEMENTS = macOS/macOS.entitlements;
				CODE_SIGN_STYLE = Automatic;
				COMBINE_HIDPI_IMAGES = YES;
				ENABLE_PREVIEWS = YES;
				INFOPLIST_FILE = macOS/Info.plist;
				LD_RUNPATH_SEARCH_PATHS = (
					"$(inherited)",
					"@executable_path/../Frameworks",
				);
				MACOSX_DEPLOYMENT_TARGET = 11.0;
				PRODUCT_BUNDLE_IDENTIFIER = com.daotientu.MyPlayground;
				PRODUCT_NAME = MyPlayground;
				SDKROOT = macosx;
				SWIFT_VERSION = 5.0;
			};
			name = Release;
		};
		F5EAEBE926E70776003E31C8 /* Debug */ = {
			isa = XCBuildConfiguration;
			buildSettings = {
				ALWAYS_EMBED_SWIFT_STANDARD_LIBRARIES = YES;
				CODE_SIGN_STYLE = Automatic;
				INFOPLIST_FILE = "Tests iOS/Info.plist";
				IPHONEOS_DEPLOYMENT_TARGET = 14.4;
				LD_RUNPATH_SEARCH_PATHS = (
					"$(inherited)",
					"@executable_path/Frameworks",
					"@loader_path/Frameworks",
				);
				PRODUCT_BUNDLE_IDENTIFIER = "com.daotientu.Tests-iOS";
				PRODUCT_NAME = "$(TARGET_NAME)";
				SDKROOT = iphoneos;
				SWIFT_VERSION = 5.0;
				TARGETED_DEVICE_FAMILY = "1,2";
				TEST_TARGET_NAME = "MyPlayground (iOS)";
			};
			name = Debug;
		};
		F5EAEBEA26E70776003E31C8 /* Release */ = {
			isa = XCBuildConfiguration;
			buildSettings = {
				ALWAYS_EMBED_SWIFT_STANDARD_LIBRARIES = YES;
				CODE_SIGN_STYLE = Automatic;
				INFOPLIST_FILE = "Tests iOS/Info.plist";
				IPHONEOS_DEPLOYMENT_TARGET = 14.4;
				LD_RUNPATH_SEARCH_PATHS = (
					"$(inherited)",
					"@executable_path/Frameworks",
					"@loader_path/Frameworks",
				);
				PRODUCT_BUNDLE_IDENTIFIER = "com.daotientu.Tests-iOS";
				PRODUCT_NAME = "$(TARGET_NAME)";
				SDKROOT = iphoneos;
				SWIFT_VERSION = 5.0;
				TARGETED_DEVICE_FAMILY = "1,2";
				TEST_TARGET_NAME = "MyPlayground (iOS)";
				VALIDATE_PRODUCT = YES;
			};
			name = Release;
		};
		F5EAEBEC26E70776003E31C8 /* Debug */ = {
			isa = XCBuildConfiguration;
			buildSettings = {
				ALWAYS_EMBED_SWIFT_STANDARD_LIBRARIES = YES;
				CODE_SIGN_STYLE = Automatic;
				COMBINE_HIDPI_IMAGES = YES;
				INFOPLIST_FILE = "Tests macOS/Info.plist";
				LD_RUNPATH_SEARCH_PATHS = (
					"$(inherited)",
					"@executable_path/../Frameworks",
					"@loader_path/../Frameworks",
				);
				MACOSX_DEPLOYMENT_TARGET = 10.15;
				PRODUCT_BUNDLE_IDENTIFIER = "com.daotientu.Tests-macOS";
				PRODUCT_NAME = "$(TARGET_NAME)";
				SDKROOT = macosx;
				SWIFT_VERSION = 5.0;
				TEST_TARGET_NAME = "MyPlayground (macOS)";
			};
			name = Debug;
		};
		F5EAEBED26E70776003E31C8 /* Release */ = {
			isa = XCBuildConfiguration;
			buildSettings = {
				ALWAYS_EMBED_SWIFT_STANDARD_LIBRARIES = YES;
				CODE_SIGN_STYLE = Automatic;
				COMBINE_HIDPI_IMAGES = YES;
				INFOPLIST_FILE = "Tests macOS/Info.plist";
				LD_RUNPATH_SEARCH_PATHS = (
					"$(inherited)",
					"@executable_path/../Frameworks",
					"@loader_path/../Frameworks",
				);
				MACOSX_DEPLOYMENT_TARGET = 10.15;
				PRODUCT_BUNDLE_IDENTIFIER = "com.daotientu.Tests-macOS";
				PRODUCT_NAME = "$(TARGET_NAME)";
				SDKROOT = macosx;
				SWIFT_VERSION = 5.0;
				TEST_TARGET_NAME = "MyPlayground (macOS)";
			};
			name = Release;
		};
/* End XCBuildConfiguration section */

/* Begin XCConfigurationList section */
		F5EAEBAC26E70770003E31C8 /* Build configuration list for PBXProject "MyPlayground" */ = {
			isa = XCConfigurationList;
			buildConfigurations = (
				F5EAEBE026E70776003E31C8 /* Debug */,
				F5EAEBE126E70776003E31C8 /* Release */,
			);
			defaultConfigurationIsVisible = 0;
			defaultConfigurationName = Release;
		};
		F5EAEBE226E70776003E31C8 /* Build configuration list for PBXNativeTarget "MyPlayground (iOS)" */ = {
			isa = XCConfigurationList;
			buildConfigurations = (
				F5EAEBE326E70776003E31C8 /* Debug */,
				F5EAEBE426E70776003E31C8 /* Release */,
			);
			defaultConfigurationIsVisible = 0;
			defaultConfigurationName = Release;
		};
		F5EAEBE526E70776003E31C8 /* Build configuration list for PBXNativeTarget "MyPlayground (macOS)" */ = {
			isa = XCConfigurationList;
			buildConfigurations = (
				F5EAEBE626E70776003E31C8 /* Debug */,
				F5EAEBE726E70776003E31C8 /* Release */,
			);
			defaultConfigurationIsVisible = 0;
			defaultConfigurationName = Release;
		};
		F5EAEBE826E70776003E31C8 /* Build configuration list for PBXNativeTarget "Tests iOS" */ = {
			isa = XCConfigurationList;
			buildConfigurations = (
				F5EAEBE926E70776003E31C8 /* Debug */,
				F5EAEBEA26E70776003E31C8 /* Release */,
			);
			defaultConfigurationIsVisible = 0;
			defaultConfigurationName = Release;
		};
		F5EAEBEB26E70776003E31C8 /* Build configuration list for PBXNativeTarget "Tests macOS" */ = {
			isa = XCConfigurationList;
			buildConfigurations = (
				F5EAEBEC26E70776003E31C8 /* Debug */,
				F5EAEBED26E70776003E31C8 /* Release */,
			);
			defaultConfigurationIsVisible = 0;
			defaultConfigurationName = Release;
		};
/* End XCConfigurationList section */
	};
	rootObject = F5EAEBA926E70770003E31C8 /* Project object */;
}
